
Microsoft Visual Studio Solution File, Format Version 12.00
# Visual Studio Version 17
VisualStudioVersion = 17.14.36203.30 d17.14
MinimumVisualStudioVersion = 10.0.40219.1
Project("{FAE04EC0-301F-11D3-BF4B-00C04F79EFBC}") = "Fan Dancer", "Fan Dancer\Fan Dancer.csproj", "{7B82AA49-6D3B-418B-A2E6-ABA1CDD2FBB7}"
EndProject
Global
	GlobalSection(SolutionConfigurationPlatforms) = preSolution
		Debug|Any CPU = Debug|Any CPU
		Debug|x64 = Debug|x64
		Release|Any CPU = Release|Any CPU
		Release|x64 = Release|x64
	EndGlobalSection
	GlobalSection(ProjectConfigurationPlatforms) = postSolution
		{7B82AA49-6D3B-418B-A2E6-ABA1CDD2FBB7}.Debug|Any CPU.ActiveCfg = Debug|Any CPU
		{7B82AA49-6D3B-418B-A2E6-ABA1CDD2FBB7}.Debug|Any CPU.Build.0 = Debug|Any CPU
		{7B82AA49-6D3B-418B-A2E6-ABA1CDD2FBB7}.Debug|x64.ActiveCfg = Debug|x64
		{7B82AA49-6D3B-418B-A2E6-ABA1CDD2FBB7}.Debug|x64.Build.0 = Debug|x64
		{7B82AA49-6D3B-418B-A2E6-ABA1CDD2FBB7}.Release|Any CPU.ActiveCfg = Release|Any CPU
		{7B82AA49-6D3B-418B-A2E6-ABA1CDD2FBB7}.Release|Any CPU.Build.0 = Release|Any CPU
		{7B82AA49-6D3B-418B-A2E6-ABA1CDD2FBB7}.Release|x64.ActiveCfg = Release|x64
		{7B82AA49-6D3B-418B-A2E6-ABA1CDD2FBB7}.Release|x64.Build.0 = Release|x64
	EndGlobalSection
	GlobalSection(SolutionProperties) = preSolution
		HideSolutionNode = FALSE
	EndGlobalSection
	GlobalSection(ExtensibilityGlobals) = postSolution
		SolutionGuid = {E78F56FF-090E-4EC6-AA4F-69F7E82718F3}
	EndGlobalSection
EndGlobal
